
Microsoft Visual Studio Solution File, Format Version 12.00
# Visual Studio Version 16
VisualStudioVersion = 16.0.30523.141
MinimumVisualStudioVersion = 10.0.40219.1
Project("{FAE04EC0-301F-11D3-BF4B-00C04F79EFBC}") = "Github2023JonckheereC", "Github2023JonckheereC\Github2023JonckheereC.csproj", "{033A440D-1669-4A6D-BEAC-B892468DD5AF}"
EndProject
Global
	GlobalSection(SolutionConfigurationPlatforms) = preSolution
		Debug|Any CPU = Debug|Any CPU
		Release|Any CPU = Release|Any CPU
	EndGlobalSection
	GlobalSection(ProjectConfigurationPlatforms) = postSolution
		{033A440D-1669-4A6D-BEAC-B892468DD5AF}.Debug|Any CPU.ActiveCfg = Debug|Any CPU
		{033A440D-1669-4A6D-BEAC-B892468DD5AF}.Debug|Any CPU.Build.0 = Debug|Any CPU
		{033A440D-1669-4A6D-BEAC-B892468DD5AF}.Release|Any CPU.ActiveCfg = Release|Any CPU
		{033A440D-1669-4A6D-BEAC-B892468DD5AF}.Release|Any CPU.Build.0 = Release|Any CPU
	EndGlobalSection
	GlobalSection(SolutionProperties) = preSolution
		HideSolutionNode = FALSE
	EndGlobalSection
	GlobalSection(ExtensibilityGlobals) = postSolution
		SolutionGuid = {241B5389-CDE8-40A0-8053-8A16942134E1}
	EndGlobalSection
EndGlobal
